
Microsoft Visual Studio Solution File, Format Version 12.00
# Visual Studio 2013
VisualStudioVersion = 12.0.40629.0
MinimumVisualStudioVersion = 10.0.40219.1
Project("{FAE04EC0-301F-11D3-BF4B-00C04F79EFBC}") = "experiment", "experiment\experiment.csproj", "{3FA251E0-60AF-4350-84CA-74607F9208FD}"
EndProject
Project("{FAE04EC0-301F-11D3-BF4B-00C04F79EFBC}") = "assigner", "assigner\assigner.csproj", "{4E9ABCCB-9DF9-46CB-A187-64CDD8D77564}"
EndProject
Project("{FAE04EC0-301F-11D3-BF4B-00C04F79EFBC}") = "supervisor", "supervisor\supervisor.csproj", "{738DFF21-FEFB-4D47-8BC0-17E2B2AEF9C6}"
EndProject
Project("{FAE04EC0-301F-11D3-BF4B-00C04F79EFBC}") = "CsdnAcountDb", "CsdnAcountDb\CsdnAcountDb.csproj", "{20D58678-E28D-4562-9531-975BDBFB2A61}"
EndProject
Project("{FAE04EC0-301F-11D3-BF4B-00C04F79EFBC}") = "AccountCreator", "AccountCreator\AccountCreator.csproj", "{EBA16380-E139-46BD-A443-987C688645EA}"
EndProject
Project("{FAE04EC0-301F-11D3-BF4B-00C04F79EFBC}") = "WorkObjCollector", "WorkObjCollector\WorkObjCollector.csproj", "{0B543E1A-D538-42B7-851A-EC0D0EEB0398}"
EndProject
Project("{FAE04EC0-301F-11D3-BF4B-00C04F79EFBC}") = "cnRobot", "cnRobot\cnRobot.csproj", "{2868FE7A-68CF-4727-9417-D08DEE5C413D}"
EndProject
Project("{FAE04EC0-301F-11D3-BF4B-00C04F79EFBC}") = "assigner-cn", "assigner-cn\assigner-cn.csproj", "{53E958A2-75AF-4F18-9680-ECE37EB0B577}"
EndProject
Project("{FAE04EC0-301F-11D3-BF4B-00C04F79EFBC}") = "touTiaoRobot", "touTiaoRobot\touTiaoRobot.csproj", "{A17D6B48-2424-4BA8-A3C6-CEBCEEA35087}"
EndProject
Project("{FAE04EC0-301F-11D3-BF4B-00C04F79EFBC}") = "sinaRobot", "sinaRobot\sinaRobot.csproj", "{F2271D5E-C6DF-4599-932B-990B021C7934}"
EndProject
Project("{FAE04EC0-301F-11D3-BF4B-00C04F79EFBC}") = "csdnModifier", "csdnModifier\csdnModifier.csproj", "{383529E0-4870-49C0-8C54-152A66FDCDD8}"
EndProject
Project("{FAE04EC0-301F-11D3-BF4B-00C04F79EFBC}") = "JuejinRobot", "JuejinRobot\JuejinRobot.csproj", "{0037DC23-388D-44BA-9075-B49CE7A074FD}"
EndProject
Project("{FAE04EC0-301F-11D3-BF4B-00C04F79EFBC}") = "CsdnBlogerCollector", "CsdnBlogerCollector\CsdnBlogerCollector.csproj", "{623E1059-8677-45C0-84A5-133E31044733}"
EndProject
Global
	GlobalSection(SolutionConfigurationPlatforms) = preSolution
		Debug|Any CPU = Debug|Any CPU
		Release|Any CPU = Release|Any CPU
	EndGlobalSection
	GlobalSection(ProjectConfigurationPlatforms) = postSolution
		{3FA251E0-60AF-4350-84CA-74607F9208FD}.Debug|Any CPU.ActiveCfg = Debug|Any CPU
		{3FA251E0-60AF-4350-84CA-74607F9208FD}.Debug|Any CPU.Build.0 = Debug|Any CPU
		{3FA251E0-60AF-4350-84CA-74607F9208FD}.Release|Any CPU.ActiveCfg = Release|Any CPU
		{3FA251E0-60AF-4350-84CA-74607F9208FD}.Release|Any CPU.Build.0 = Release|Any CPU
		{4E9ABCCB-9DF9-46CB-A187-64CDD8D77564}.Debug|Any CPU.ActiveCfg = Debug|Any CPU
		{4E9ABCCB-9DF9-46CB-A187-64CDD8D77564}.Debug|Any CPU.Build.0 = Debug|Any CPU
		{4E9ABCCB-9DF9-46CB-A187-64CDD8D77564}.Release|Any CPU.ActiveCfg = Release|Any CPU
		{4E9ABCCB-9DF9-46CB-A187-64CDD8D77564}.Release|Any CPU.Build.0 = Release|Any CPU
		{738DFF21-FEFB-4D47-8BC0-17E2B2AEF9C6}.Debug|Any CPU.ActiveCfg = Debug|Any CPU
		{738DFF21-FEFB-4D47-8BC0-17E2B2AEF9C6}.Debug|Any CPU.Build.0 = Debug|Any CPU
		{738DFF21-FEFB-4D47-8BC0-17E2B2AEF9C6}.Release|Any CPU.ActiveCfg = Release|Any CPU
		{738DFF21-FEFB-4D47-8BC0-17E2B2AEF9C6}.Release|Any CPU.Build.0 = Release|Any CPU
		{20D58678-E28D-4562-9531-975BDBFB2A61}.Debug|Any CPU.ActiveCfg = Debug|Any CPU
		{20D58678-E28D-4562-9531-975BDBFB2A61}.Debug|Any CPU.Build.0 = Debug|Any CPU
		{20D58678-E28D-4562-9531-975BDBFB2A61}.Release|Any CPU.ActiveCfg = Release|Any CPU
		{20D58678-E28D-4562-9531-975BDBFB2A61}.Release|Any CPU.Build.0 = Release|Any CPU
		{EBA16380-E139-46BD-A443-987C688645EA}.Debug|Any CPU.ActiveCfg = Debug|Any CPU
		{EBA16380-E139-46BD-A443-987C688645EA}.Debug|Any CPU.Build.0 = Debug|Any CPU
		{EBA16380-E139-46BD-A443-987C688645EA}.Release|Any CPU.ActiveCfg = Release|Any CPU
		{EBA16380-E139-46BD-A443-987C688645EA}.Release|Any CPU.Build.0 = Release|Any CPU
		{0B543E1A-D538-42B7-851A-EC0D0EEB0398}.Debug|Any CPU.ActiveCfg = Debug|Any CPU
		{0B543E1A-D538-42B7-851A-EC0D0EEB0398}.Debug|Any CPU.Build.0 = Debug|Any CPU
		{0B543E1A-D538-42B7-851A-EC0D0EEB0398}.Release|Any CPU.ActiveCfg = Release|Any CPU
		{0B543E1A-D538-42B7-851A-EC0D0EEB0398}.Release|Any CPU.Build.0 = Release|Any CPU
		{2868FE7A-68CF-4727-9417-D08DEE5C413D}.Debug|Any CPU.ActiveCfg = Debug|Any CPU
		{2868FE7A-68CF-4727-9417-D08DEE5C413D}.Debug|Any CPU.Build.0 = Debug|Any CPU
		{2868FE7A-68CF-4727-9417-D08DEE5C413D}.Release|Any CPU.ActiveCfg = Release|Any CPU
		{2868FE7A-68CF-4727-9417-D08DEE5C413D}.Release|Any CPU.Build.0 = Release|Any CPU
		{53E958A2-75AF-4F18-9680-ECE37EB0B577}.Debug|Any CPU.ActiveCfg = Debug|Any CPU
		{53E958A2-75AF-4F18-9680-ECE37EB0B577}.Debug|Any CPU.Build.0 = Debug|Any CPU
		{53E958A2-75AF-4F18-9680-ECE37EB0B577}.Release|Any CPU.ActiveCfg = Release|Any CPU
		{53E958A2-75AF-4F18-9680-ECE37EB0B577}.Release|Any CPU.Build.0 = Release|Any CPU
		{A17D6B48-2424-4BA8-A3C6-CEBCEEA35087}.Debug|Any CPU.ActiveCfg = Debug|Any CPU
		{A17D6B48-2424-4BA8-A3C6-CEBCEEA35087}.Debug|Any CPU.Build.0 = Debug|Any CPU
		{A17D6B48-2424-4BA8-A3C6-CEBCEEA35087}.Release|Any CPU.ActiveCfg = Release|Any CPU
		{A17D6B48-2424-4BA8-A3C6-CEBCEEA35087}.Release|Any CPU.Build.0 = Release|Any CPU
		{F2271D5E-C6DF-4599-932B-990B021C7934}.Debug|Any CPU.ActiveCfg = Debug|Any CPU
		{F2271D5E-C6DF-4599-932B-990B021C7934}.Debug|Any CPU.Build.0 = Debug|Any CPU
		{F2271D5E-C6DF-4599-932B-990B021C7934}.Release|Any CPU.ActiveCfg = Release|Any CPU
		{F2271D5E-C6DF-4599-932B-990B021C7934}.Release|Any CPU.Build.0 = Release|Any CPU
		{383529E0-4870-49C0-8C54-152A66FDCDD8}.Debug|Any CPU.ActiveCfg = Debug|Any CPU
		{383529E0-4870-49C0-8C54-152A66FDCDD8}.Debug|Any CPU.Build.0 = Debug|Any CPU
		{383529E0-4870-49C0-8C54-152A66FDCDD8}.Release|Any CPU.ActiveCfg = Release|Any CPU
		{383529E0-4870-49C0-8C54-152A66FDCDD8}.Release|Any CPU.Build.0 = Release|Any CPU
		{0037DC23-388D-44BA-9075-B49CE7A074FD}.Debug|Any CPU.ActiveCfg = Debug|Any CPU
		{0037DC23-388D-44BA-9075-B49CE7A074FD}.Debug|Any CPU.Build.0 = Debug|Any CPU
		{0037DC23-388D-44BA-9075-B49CE7A074FD}.Release|Any CPU.ActiveCfg = Release|Any CPU
		{0037DC23-388D-44BA-9075-B49CE7A074FD}.Release|Any CPU.Build.0 = Release|Any CPU
		{623E1059-8677-45C0-84A5-133E31044733}.Debug|Any CPU.ActiveCfg = Debug|Any CPU
		{623E1059-8677-45C0-84A5-133E31044733}.Debug|Any CPU.Build.0 = Debug|Any CPU
		{623E1059-8677-45C0-84A5-133E31044733}.Release|Any CPU.ActiveCfg = Release|Any CPU
		{623E1059-8677-45C0-84A5-133E31044733}.Release|Any CPU.Build.0 = Release|Any CPU
	EndGlobalSection
	GlobalSection(SolutionProperties) = preSolution
		HideSolutionNode = FALSE
	EndGlobalSection
EndGlobal
